
Microsoft Visual Studio Solution File, Format Version 12.00
# Visual Studio 2012
Project("{FAE04EC0-301F-11D3-BF4B-00C04F79EFBC}") = "1.Student_Task", "1.Student_Task\1.Student_Task.csproj", "{DBCD628A-3DDE-48A6-9450-F50E85BCD6F5}"
EndProject
Project("{FAE04EC0-301F-11D3-BF4B-00C04F79EFBC}") = "2.Person_Task", "2.Person_Task\2.Person_Task.csproj", "{32B47637-9226-4D07-BC5C-EF55F2E46232}"
EndProject
Project("{FAE04EC0-301F-11D3-BF4B-00C04F79EFBC}") = "3.BitArray_Task", "3.BitArray\3.BitArray_Task.csproj", "{34B5883B-2923-4920-97BE-218609CCFF8C}"
EndProject
Global
	GlobalSection(SolutionConfigurationPlatforms) = preSolution
		Debug|Any CPU = Debug|Any CPU
		Release|Any CPU = Release|Any CPU
	EndGlobalSection
	GlobalSection(ProjectConfigurationPlatforms) = postSolution
		{DBCD628A-3DDE-48A6-9450-F50E85BCD6F5}.Debug|Any CPU.ActiveCfg = Debug|Any CPU
		{DBCD628A-3DDE-48A6-9450-F50E85BCD6F5}.Debug|Any CPU.Build.0 = Debug|Any CPU
		{DBCD628A-3DDE-48A6-9450-F50E85BCD6F5}.Release|Any CPU.ActiveCfg = Release|Any CPU
		{DBCD628A-3DDE-48A6-9450-F50E85BCD6F5}.Release|Any CPU.Build.0 = Release|Any CPU
		{32B47637-9226-4D07-BC5C-EF55F2E46232}.Debug|Any CPU.ActiveCfg = Debug|Any CPU
		{32B47637-9226-4D07-BC5C-EF55F2E46232}.Debug|Any CPU.Build.0 = Debug|Any CPU
		{32B47637-9226-4D07-BC5C-EF55F2E46232}.Release|Any CPU.ActiveCfg = Release|Any CPU
		{32B47637-9226-4D07-BC5C-EF55F2E46232}.Release|Any CPU.Build.0 = Release|Any CPU
		{34B5883B-2923-4920-97BE-218609CCFF8C}.Debug|Any CPU.ActiveCfg = Debug|Any CPU
		{34B5883B-2923-4920-97BE-218609CCFF8C}.Debug|Any CPU.Build.0 = Debug|Any CPU
		{34B5883B-2923-4920-97BE-218609CCFF8C}.Release|Any CPU.ActiveCfg = Release|Any CPU
		{34B5883B-2923-4920-97BE-218609CCFF8C}.Release|Any CPU.Build.0 = Release|Any CPU
	EndGlobalSection
	GlobalSection(SolutionProperties) = preSolution
		HideSolutionNode = FALSE
	EndGlobalSection
EndGlobal
