
Microsoft Visual Studio Solution File, Format Version 12.00
# Visual Studio 2012
Project("{FAE04EC0-301F-11D3-BF4B-00C04F79EFBC}") = "CheckRange", "CheckRange\CheckRange.csproj", "{2F315519-BF22-41F0-9083-E11A75B2EFDD}"
EndProject
Project("{FAE04EC0-301F-11D3-BF4B-00C04F79EFBC}") = "MasterChef", "MasterChef\MasterChef.csproj", "{02426105-7A0C-435B-8484-907E51BC79CE}"
EndProject
Project("{FAE04EC0-301F-11D3-BF4B-00C04F79EFBC}") = "RefactoredForLoop", "RefactoredForLoop\RefactoredForLoop.csproj", "{7CF3E7E6-67C6-457F-9B60-2F14F4CE8BF0}"
EndProject
Global
	GlobalSection(SolutionConfigurationPlatforms) = preSolution
		Debug|Any CPU = Debug|Any CPU
		Release|Any CPU = Release|Any CPU
	EndGlobalSection
	GlobalSection(ProjectConfigurationPlatforms) = postSolution
		{2F315519-BF22-41F0-9083-E11A75B2EFDD}.Debug|Any CPU.ActiveCfg = Debug|Any CPU
		{2F315519-BF22-41F0-9083-E11A75B2EFDD}.Debug|Any CPU.Build.0 = Debug|Any CPU
		{2F315519-BF22-41F0-9083-E11A75B2EFDD}.Release|Any CPU.ActiveCfg = Release|Any CPU
		{2F315519-BF22-41F0-9083-E11A75B2EFDD}.Release|Any CPU.Build.0 = Release|Any CPU
		{02426105-7A0C-435B-8484-907E51BC79CE}.Debug|Any CPU.ActiveCfg = Debug|Any CPU
		{02426105-7A0C-435B-8484-907E51BC79CE}.Debug|Any CPU.Build.0 = Debug|Any CPU
		{02426105-7A0C-435B-8484-907E51BC79CE}.Release|Any CPU.ActiveCfg = Release|Any CPU
		{02426105-7A0C-435B-8484-907E51BC79CE}.Release|Any CPU.Build.0 = Release|Any CPU
		{7CF3E7E6-67C6-457F-9B60-2F14F4CE8BF0}.Debug|Any CPU.ActiveCfg = Debug|Any CPU
		{7CF3E7E6-67C6-457F-9B60-2F14F4CE8BF0}.Debug|Any CPU.Build.0 = Debug|Any CPU
		{7CF3E7E6-67C6-457F-9B60-2F14F4CE8BF0}.Release|Any CPU.ActiveCfg = Release|Any CPU
		{7CF3E7E6-67C6-457F-9B60-2F14F4CE8BF0}.Release|Any CPU.Build.0 = Release|Any CPU
	EndGlobalSection
	GlobalSection(SolutionProperties) = preSolution
		HideSolutionNode = FALSE
	EndGlobalSection
EndGlobal
