
Microsoft Visual Studio Solution File, Format Version 12.00
# Visual Studio 2012
Project("{FAE04EC0-301F-11D3-BF4B-00C04F79EFBC}") = "FigureManipulator", "FirstTask\FigureManipulator.csproj", "{5D82274A-4527-4EC9-AF0E-336F2D40CF93}"
EndProject
Project("{FAE04EC0-301F-11D3-BF4B-00C04F79EFBC}") = "Statistics", "SecondTask\Statistics.csproj", "{0C3428D1-AFFC-46CF-99A7-DB48BB8DFB6B}"
EndProject
Global
	GlobalSection(SolutionConfigurationPlatforms) = preSolution
		Debug|Any CPU = Debug|Any CPU
		Release|Any CPU = Release|Any CPU
	EndGlobalSection
	GlobalSection(ProjectConfigurationPlatforms) = postSolution
		{5D82274A-4527-4EC9-AF0E-336F2D40CF93}.Debug|Any CPU.ActiveCfg = Debug|Any CPU
		{5D82274A-4527-4EC9-AF0E-336F2D40CF93}.Debug|Any CPU.Build.0 = Debug|Any CPU
		{5D82274A-4527-4EC9-AF0E-336F2D40CF93}.Release|Any CPU.ActiveCfg = Release|Any CPU
		{5D82274A-4527-4EC9-AF0E-336F2D40CF93}.Release|Any CPU.Build.0 = Release|Any CPU
		{0C3428D1-AFFC-46CF-99A7-DB48BB8DFB6B}.Debug|Any CPU.ActiveCfg = Debug|Any CPU
		{0C3428D1-AFFC-46CF-99A7-DB48BB8DFB6B}.Debug|Any CPU.Build.0 = Debug|Any CPU
		{0C3428D1-AFFC-46CF-99A7-DB48BB8DFB6B}.Release|Any CPU.ActiveCfg = Release|Any CPU
		{0C3428D1-AFFC-46CF-99A7-DB48BB8DFB6B}.Release|Any CPU.Build.0 = Release|Any CPU
	EndGlobalSection
	GlobalSection(SolutionProperties) = preSolution
		HideSolutionNode = FALSE
	EndGlobalSection
EndGlobal
