
Microsoft Visual Studio Solution File, Format Version 12.00
# Visual Studio 2012
Project("{FAE04EC0-301F-11D3-BF4B-00C04F79EFBC}") = "1.Extension_methods", "1.Extension_methods\1.Extension_methods.csproj", "{166D023E-2F29-428C-B249-E77EC782C4CC}"
EndProject
Project("{FAE04EC0-301F-11D3-BF4B-00C04F79EFBC}") = "2.Lambda_expressions", "2.Lambda_expressions\2.Lambda_expressions.csproj", "{2A54E46E-6F9D-4FB0-ACC2-CF049B423AC9}"
EndProject
Project("{FAE04EC0-301F-11D3-BF4B-00C04F79EFBC}") = "3.Timer", "3.Timer\3.Timer.csproj", "{C511D99B-0F3C-47FF-97B0-BE30DF5D3C44}"
EndProject
Global
	GlobalSection(SolutionConfigurationPlatforms) = preSolution
		Debug|Any CPU = Debug|Any CPU
		Release|Any CPU = Release|Any CPU
	EndGlobalSection
	GlobalSection(ProjectConfigurationPlatforms) = postSolution
		{166D023E-2F29-428C-B249-E77EC782C4CC}.Debug|Any CPU.ActiveCfg = Debug|Any CPU
		{166D023E-2F29-428C-B249-E77EC782C4CC}.Debug|Any CPU.Build.0 = Debug|Any CPU
		{166D023E-2F29-428C-B249-E77EC782C4CC}.Release|Any CPU.ActiveCfg = Release|Any CPU
		{166D023E-2F29-428C-B249-E77EC782C4CC}.Release|Any CPU.Build.0 = Release|Any CPU
		{2A54E46E-6F9D-4FB0-ACC2-CF049B423AC9}.Debug|Any CPU.ActiveCfg = Debug|Any CPU
		{2A54E46E-6F9D-4FB0-ACC2-CF049B423AC9}.Debug|Any CPU.Build.0 = Debug|Any CPU
		{2A54E46E-6F9D-4FB0-ACC2-CF049B423AC9}.Release|Any CPU.ActiveCfg = Release|Any CPU
		{2A54E46E-6F9D-4FB0-ACC2-CF049B423AC9}.Release|Any CPU.Build.0 = Release|Any CPU
		{C511D99B-0F3C-47FF-97B0-BE30DF5D3C44}.Debug|Any CPU.ActiveCfg = Debug|Any CPU
		{C511D99B-0F3C-47FF-97B0-BE30DF5D3C44}.Debug|Any CPU.Build.0 = Debug|Any CPU
		{C511D99B-0F3C-47FF-97B0-BE30DF5D3C44}.Release|Any CPU.ActiveCfg = Release|Any CPU
		{C511D99B-0F3C-47FF-97B0-BE30DF5D3C44}.Release|Any CPU.Build.0 = Release|Any CPU
	EndGlobalSection
	GlobalSection(SolutionProperties) = preSolution
		HideSolutionNode = FALSE
	EndGlobalSection
EndGlobal
